
Microsoft Visual Studio Solution File, Format Version 12.00
# Visual Studio Version 17
VisualStudioVersion = 17.0.32112.339
MinimumVisualStudioVersion = 10.0.40219.1
Project("{FAE04EC0-301F-11D3-BF4B-00C04F79EFBC}") = "FirstWebApplication", "FirstWebApplication\FirstWebApplication.csproj", "{7F58E394-E966-438A-B1F1-73B07DC00989}"
EndProject
Global
	GlobalSection(SolutionConfigurationPlatforms) = preSolution
		Debug|Any CPU = Debug|Any CPU
		Release|Any CPU = Release|Any CPU
	EndGlobalSection
	GlobalSection(ProjectConfigurationPlatforms) = postSolution
		{7F58E394-E966-438A-B1F1-73B07DC00989}.Debug|Any CPU.ActiveCfg = Debug|Any CPU
		{7F58E394-E966-438A-B1F1-73B07DC00989}.Debug|Any CPU.Build.0 = Debug|Any CPU
		{7F58E394-E966-438A-B1F1-73B07DC00989}.Release|Any CPU.ActiveCfg = Release|Any CPU
		{7F58E394-E966-438A-B1F1-73B07DC00989}.Release|Any CPU.Build.0 = Release|Any CPU
	EndGlobalSection
	GlobalSection(SolutionProperties) = preSolution
		HideSolutionNode = FALSE
	EndGlobalSection
	GlobalSection(ExtensibilityGlobals) = postSolution
		SolutionGuid = {2A408893-CF22-491E-9F6A-2E24B800AC5B}
	EndGlobalSection
EndGlobal
