
Microsoft Visual Studio Solution File, Format Version 12.00
# Visual Studio Version 17
VisualStudioVersion = 17.0.32112.339
MinimumVisualStudioVersion = 10.0.40219.1
Project("{FAE04EC0-301F-11D3-BF4B-00C04F79EFBC}") = "ClinicManagementProject", "ClinicManagementProject\ClinicManagementProject.csproj", "{598B964D-D4F5-45D2-B4AB-F3627C41B692}"
EndProject
Project("{FAE04EC0-301F-11D3-BF4B-00C04F79EFBC}") = "ClinicManagementModelsLibrary", "ClinicManagementModelsLibrary\ClinicManagementModelsLibrary.csproj", "{87C5A857-9999-41FD-9A9B-01FE5A9C3108}"
EndProject
Global
	GlobalSection(SolutionConfigurationPlatforms) = preSolution
		Debug|Any CPU = Debug|Any CPU
		Release|Any CPU = Release|Any CPU
	EndGlobalSection
	GlobalSection(ProjectConfigurationPlatforms) = postSolution
		{598B964D-D4F5-45D2-B4AB-F3627C41B692}.Debug|Any CPU.ActiveCfg = Debug|Any CPU
		{598B964D-D4F5-45D2-B4AB-F3627C41B692}.Debug|Any CPU.Build.0 = Debug|Any CPU
		{598B964D-D4F5-45D2-B4AB-F3627C41B692}.Release|Any CPU.ActiveCfg = Release|Any CPU
		{598B964D-D4F5-45D2-B4AB-F3627C41B692}.Release|Any CPU.Build.0 = Release|Any CPU
		{87C5A857-9999-41FD-9A9B-01FE5A9C3108}.Debug|Any CPU.ActiveCfg = Debug|Any CPU
		{87C5A857-9999-41FD-9A9B-01FE5A9C3108}.Debug|Any CPU.Build.0 = Debug|Any CPU
		{87C5A857-9999-41FD-9A9B-01FE5A9C3108}.Release|Any CPU.ActiveCfg = Release|Any CPU
		{87C5A857-9999-41FD-9A9B-01FE5A9C3108}.Release|Any CPU.Build.0 = Release|Any CPU
	EndGlobalSection
	GlobalSection(SolutionProperties) = preSolution
		HideSolutionNode = FALSE
	EndGlobalSection
	GlobalSection(ExtensibilityGlobals) = postSolution
		SolutionGuid = {806659A1-6719-48A9-B0BB-ACAF9419EFF5}
	EndGlobalSection
EndGlobal
