
Microsoft Visual Studio Solution File, Format Version 12.00
# Visual Studio Version 17
VisualStudioVersion = 17.0.32112.339
MinimumVisualStudioVersion = 10.0.40219.1
Project("{FAE04EC0-301F-11D3-BF4B-00C04F79EFBC}") = "Day5Practical", "Day5Practical\Day5Practical.csproj", "{AB904271-97EF-42E8-9FB2-CD1ED8BD950B}"
EndProject
Global
	GlobalSection(SolutionConfigurationPlatforms) = preSolution
		Debug|Any CPU = Debug|Any CPU
		Release|Any CPU = Release|Any CPU
	EndGlobalSection
	GlobalSection(ProjectConfigurationPlatforms) = postSolution
		{AB904271-97EF-42E8-9FB2-CD1ED8BD950B}.Debug|Any CPU.ActiveCfg = Debug|Any CPU
		{AB904271-97EF-42E8-9FB2-CD1ED8BD950B}.Debug|Any CPU.Build.0 = Debug|Any CPU
		{AB904271-97EF-42E8-9FB2-CD1ED8BD950B}.Release|Any CPU.ActiveCfg = Release|Any CPU
		{AB904271-97EF-42E8-9FB2-CD1ED8BD950B}.Release|Any CPU.Build.0 = Release|Any CPU
	EndGlobalSection
	GlobalSection(SolutionProperties) = preSolution
		HideSolutionNode = FALSE
	EndGlobalSection
	GlobalSection(ExtensibilityGlobals) = postSolution
		SolutionGuid = {36AF9021-B319-410F-A008-D9C975BCD5AE}
	EndGlobalSection
EndGlobal
